<?xml version="1.0" encoding="utf-8"?>
<Project ToolsVersion="4.0" xmlns="http://schemas.microsoft.com/developer/msbuild/2003">
  <ItemGroup>
    <Filter Include="소스 파일">
      <UniqueIdentifier>{4FC737F1-C7A5-4376-A066-2A32D752A2FF}</UniqueIdentifier>
      <Extensions>cpp;c;cc;cxx;c++;cppm;ixx;def;odl;idl;hpj;bat;asm;asmx</Extensions>
    </Filter>
    <Filter Include="헤더 파일">
      <UniqueIdentifier>{93995380-89BD-4b04-88EB-625FBE52EBFB}</UniqueIdentifier>
      <Extensions>h;hh;hpp;hxx;h++;hm;inl;inc;ipp;xsd</Extensions>
    </Filter>
    <Filter Include="리소스 파일">
      <UniqueIdentifier>{67DA6AB6-F800-4c08-8B7A-83BB121AAD01}</UniqueIdentifier>
      <Extensions>rc;ico;cur;bmp;dlg;rc2;rct;bin;rgs;gif;jpg;jpeg;jpe;resx;tiff;tif;png;wav;mfcribbon-ms</Extensions>
    </Filter>
    <Filter Include="Util">
      <UniqueIdentifier>{2ae7f4cc-941b-4824-b2b2-7b934ce752e4}</UniqueIdentifier>
    </Filter>
    <Filter Include="Game">
      <UniqueIdentifier>{e4708273-8453-4aad-951e-93652ba851e1}</UniqueIdentifier>
    </Filter>
    <Filter Include="Manager">
      <UniqueIdentifier>{2cf03f37-d18c-46dc-a513-1ab91d7e95af}</UniqueIdentifier>
    </Filter>
    <Filter Include="Object">
      <UniqueIdentifier>{8643f0ef-dfd7-46b7-9c10-a0263b2c4bd7}</UniqueIdentifier>
    </Filter>
    <Filter Include="Resource">
      <UniqueIdentifier>{c891357e-1495-43b3-871b-c0fb6c7f492a}</UniqueIdentifier>
    </Filter>
    <Filter Include="Object\UObject">
      <UniqueIdentifier>{9e9c8809-ea7a-4564-b245-1bd45358ecfa}</UniqueIdentifier>
    </Filter>
    <Filter Include="Object\Player">
      <UniqueIdentifier>{1489d2fb-d3ef-4a64-bdef-db0505668a0b}</UniqueIdentifier>
    </Filter>
    <Filter Include="Object\Enemy">
      <UniqueIdentifier>{e6187180-f8fc-4fb0-ad7a-1e6a85ba36de}</UniqueIdentifier>
    </Filter>
    <Filter Include="Object\Background">
      <UniqueIdentifier>{7993598b-8aad-4b05-9c1f-8b225e581294}</UniqueIdentifier>
    </Filter>
    <Filter Include="Object\Missile">
      <UniqueIdentifier>{b36a8a7d-8c14-46dd-a857-8ca24e5909e9}</UniqueIdentifier>
    </Filter>
    <Filter Include="Object\Effect">
      <UniqueIdentifier>{62ebe9da-87ae-49fd-aa45-54192cf3ecfb}</UniqueIdentifier>
    </Filter>
    <Filter Include="Animation">
      <UniqueIdentifier>{75ebca70-be4e-4f0c-952d-2670fca5f9e6}</UniqueIdentifier>
    </Filter>
  </ItemGroup>
  <ItemGroup>
    <ClInclude Include="framework.h">
      <Filter>헤더 파일</Filter>
    </ClInclude>
    <ClInclude Include="targetver.h">
      <Filter>헤더 파일</Filter>
    </ClInclude>
    <ClInclude Include="Resource.h">
      <Filter>헤더 파일</Filter>
    </ClInclude>
    <ClInclude Include="MyShooting.h">
      <Filter>헤더 파일</Filter>
    </ClInclude>
    <ClInclude Include="pch.h">
      <Filter>Util</Filter>
    </ClInclude>
    <ClInclude Include="Singleton.h">
      <Filter>Util</Filter>
    </ClInclude>
    <ClInclude Include="Defines.h">
      <Filter>Util</Filter>
    </ClInclude>
    <ClInclude Include="InputManager.h">
      <Filter>Manager</Filter>
    </ClInclude>
    <ClInclude Include="TimeManager.h">
      <Filter>Manager</Filter>
    </ClInclude>
    <ClInclude Include="Scene.h">
      <Filter>Game</Filter>
    </ClInclude>
    <ClInclude Include="GameScene.h">
      <Filter>Game</Filter>
    </ClInclude>
    <ClInclude Include="EditScene.h">
      <Filter>Game</Filter>
    </ClInclude>
    <ClInclude Include="ResourceManager.h">
      <Filter>Resource</Filter>
    </ClInclude>
    <ClInclude Include="TextureResource.h">
      <Filter>Resource</Filter>
    </ClInclude>
    <ClInclude Include="Game.h">
      <Filter>Game</Filter>
    </ClInclude>
    <ClInclude Include="TimerManager.h">
      <Filter>Manager</Filter>
    </ClInclude>
    <ClInclude Include="Timer.h">
      <Filter>Manager</Filter>
    </ClInclude>
    <ClInclude Include="UObject.h">
      <Filter>Object\UObject</Filter>
    </ClInclude>
    <ClInclude Include="Player.h">
      <Filter>Object\Player</Filter>
    </ClInclude>
    <ClInclude Include="Enemy.h">
      <Filter>Object\Enemy</Filter>
    </ClInclude>
    <ClInclude Include="BackGround.h">
      <Filter>Object\Background</Filter>
    </ClInclude>
    <ClInclude Include="Missile.h">
      <Filter>Object\Missile</Filter>
    </ClInclude>
    <ClInclude Include="UAnimator.h">
      <Filter>Animation</Filter>
    </ClInclude>
    <ClInclude Include="UAnimation.h">
      <Filter>Animation</Filter>
    </ClInclude>
    <ClInclude Include="Explosion.h">
      <Filter>Object\Effect</Filter>
    </ClInclude>
    <ClInclude Include="Enemy2.h">
      <Filter>Object\Enemy</Filter>
    </ClInclude>
    <ClInclude Include="EnemyMissile.h">
      <Filter>Object\Missile</Filter>
    </ClInclude>
    <ClInclude Include="EnemySpawner.h">
      <Filter>헤더 파일</Filter>
    </ClInclude>
  </ItemGroup>
  <ItemGroup>
    <ClCompile Include="MyShooting.cpp">
      <Filter>소스 파일</Filter>
    </ClCompile>
    <ClCompile Include="pch.cpp">
      <Filter>Util</Filter>
    </ClCompile>
    <ClCompile Include="Defines.cpp">
      <Filter>Util</Filter>
    </ClCompile>
    <ClCompile Include="InputManager.cpp">
      <Filter>Manager</Filter>
    </ClCompile>
    <ClCompile Include="TimeManager.cpp">
      <Filter>Manager</Filter>
    </ClCompile>
    <ClCompile Include="Scene.cpp">
      <Filter>Game</Filter>
    </ClCompile>
    <ClCompile Include="GameScene.cpp">
      <Filter>Game</Filter>
    </ClCompile>
    <ClCompile Include="EditScene.cpp">
      <Filter>Game</Filter>
    </ClCompile>
    <ClCompile Include="ResourceManager.cpp">
      <Filter>Resource</Filter>
    </ClCompile>
    <ClCompile Include="TextureResource.cpp">
      <Filter>Resource</Filter>
    </ClCompile>
    <ClCompile Include="Game.cpp">
      <Filter>Game</Filter>
    </ClCompile>
    <ClCompile Include="TimerManager.cpp">
      <Filter>Manager</Filter>
    </ClCompile>
    <ClCompile Include="Timer.cpp">
      <Filter>Manager</Filter>
    </ClCompile>
    <ClCompile Include="UObject.cpp">
      <Filter>Object\UObject</Filter>
    </ClCompile>
    <ClCompile Include="Player.cpp">
      <Filter>Object\Player</Filter>
    </ClCompile>
    <ClCompile Include="Enemy.cpp">
      <Filter>Object\Enemy</Filter>
    </ClCompile>
    <ClCompile Include="BackGround.cpp">
      <Filter>Object\Background</Filter>
    </ClCompile>
    <ClCompile Include="Missile.cpp">
      <Filter>Object\Missile</Filter>
    </ClCompile>
    <ClCompile Include="UAnimator.cpp">
      <Filter>Animation</Filter>
    </ClCompile>
    <ClCompile Include="UAnimation.cpp">
      <Filter>Animation</Filter>
    </ClCompile>
    <ClCompile Include="Explosion.cpp">
      <Filter>Object\Effect</Filter>
    </ClCompile>
    <ClCompile Include="Enemy2.cpp">
      <Filter>Object\Enemy</Filter>
    </ClCompile>
    <ClCompile Include="EnemyMissile.cpp">
      <Filter>Object\Missile</Filter>
    </ClCompile>
    <ClCompile Include="EnemySpawner.cpp">
      <Filter>소스 파일</Filter>
    </ClCompile>
  </ItemGroup>
  <ItemGroup>
    <ResourceCompile Include="MyShooting.rc">
      <Filter>리소스 파일</Filter>
    </ResourceCompile>
  </ItemGroup>
  <ItemGroup>
    <Image Include="small.ico">
      <Filter>리소스 파일</Filter>
    </Image>
    <Image Include="MyShooting.ico">
      <Filter>리소스 파일</Filter>
    </Image>
  </ItemGroup>
</Project>